// !$*UTF8*$!
{
	archiveVersion = 1;
	classes = {
	};
	objectVersion = 48;
	objects = {

/* Begin PBXBuildFile section */
		7A210B9E1FCF39AA009DE9A7 /* InternetDetailController.swift in Sources */ = {isa = PBXBuildFile; fileRef = 7A210B9D1FCF39AA009DE9A7 /* InternetDetailController.swift */; };
		7A210BA11FCF3B99009DE9A7 /* WebKit.framework in Frameworks */ = {isa = PBXBuildFile; fileRef = 7A210BA01FCF3B99009DE9A7 /* WebKit.framework */; };
		7A24C1501FE1AB0A00EA38D7 /* LevelCompleteScene.swift in Sources */ = {isa = PBXBuildFile; fileRef = 7A24C14D1FE1AB0A00EA38D7 /* LevelCompleteScene.swift */; };
		7A24C1511FE1AB0A00EA38D7 /* GameScene.swift in Sources */ = {isa = PBXBuildFile; fileRef = 7A24C14E1FE1AB0A00EA38D7 /* GameScene.swift */; };
		7A24C1521FE1AB0A00EA38D7 /* StartScene.swift in Sources */ = {isa = PBXBuildFile; fileRef = 7A24C14F1FE1AB0A00EA38D7 /* StartScene.swift */; };
		7A24C1591FE1ADB700EA38D7 /* invader sound.mp3 in Resources */ = {isa = PBXBuildFile; fileRef = 7A24C1541FE1ADB700EA38D7 /* invader sound.mp3 */; };
		7A24C15A1FE1ADB700EA38D7 /* powerup sound.mp3 in Resources */ = {isa = PBXBuildFile; fileRef = 7A24C1551FE1ADB700EA38D7 /* powerup sound.mp3 */; };
		7A24C15B1FE1ADB700EA38D7 /* extra sound.mp3 in Resources */ = {isa = PBXBuildFile; fileRef = 7A24C1561FE1ADB700EA38D7 /* extra sound.mp3 */; };
		7A24C15C1FE1ADB700EA38D7 /* boss sound.mp3 in Resources */ = {isa = PBXBuildFile; fileRef = 7A24C1571FE1ADB700EA38D7 /* boss sound.mp3 */; };
		7A24C15D1FE1ADB700EA38D7 /* laser sound.mp3 in Resources */ = {isa = PBXBuildFile; fileRef = 7A24C1581FE1ADB700EA38D7 /* laser sound.mp3 */; };
		7A24C1601FE1AE8F00EA38D7 /* Utilities.swift in Sources */ = {isa = PBXBuildFile; fileRef = 7A24C15F1FE1AE8F00EA38D7 /* Utilities.swift */; };
		7A24C1621FE1AF7200EA38D7 /* StarField.sks in Resources */ = {isa = PBXBuildFile; fileRef = 7A24C1611FE1AF7200EA38D7 /* StarField.sks */; };
		7A24C1681FE1AFD500EA38D7 /* Projectile.swift in Sources */ = {isa = PBXBuildFile; fileRef = 7A24C1631FE1AFD500EA38D7 /* Projectile.swift */; };
		7A24C1691FE1AFD500EA38D7 /* InvaderLaser.swift in Sources */ = {isa = PBXBuildFile; fileRef = 7A24C1641FE1AFD500EA38D7 /* InvaderLaser.swift */; };
		7A24C16A1FE1AFD500EA38D7 /* PlayerLaser.swift in Sources */ = {isa = PBXBuildFile; fileRef = 7A24C1651FE1AFD500EA38D7 /* PlayerLaser.swift */; };
		7A24C16B1FE1AFD500EA38D7 /* Player.swift in Sources */ = {isa = PBXBuildFile; fileRef = 7A24C1661FE1AFD500EA38D7 /* Player.swift */; };
		7A24C16C1FE1AFD500EA38D7 /* Invader.swift in Sources */ = {isa = PBXBuildFile; fileRef = 7A24C1671FE1AFD500EA38D7 /* Invader.swift */; };
		7A57F3A31FC35F1B0018FA85 /* Memeable.swift in Sources */ = {isa = PBXBuildFile; fileRef = 7A57F3A21FC35F1B0018FA85 /* Memeable.swift */; };
		7A57F3A51FC35F2F0018FA85 /* TrumpMemes.swift in Sources */ = {isa = PBXBuildFile; fileRef = 7A57F3A41FC35F2F0018FA85 /* TrumpMemes.swift */; };
		7A88DC051FD9D36000FFA658 /* ArtCell.swift in Sources */ = {isa = PBXBuildFile; fileRef = 7A88DC041FD9D36000FFA658 /* ArtCell.swift */; };
		7AA4153D1FA256AB00D315E4 /* AppDelegate.swift in Sources */ = {isa = PBXBuildFile; fileRef = 7AA4153C1FA256AB00D315E4 /* AppDelegate.swift */; };
		7AA4153F1FA256AB00D315E4 /* ViewController.swift in Sources */ = {isa = PBXBuildFile; fileRef = 7AA4153E1FA256AB00D315E4 /* ViewController.swift */; };
		7AA415421FA256AB00D315E4 /* Main.storyboard in Resources */ = {isa = PBXBuildFile; fileRef = 7AA415401FA256AB00D315E4 /* Main.storyboard */; };
		7AA415441FA256AB00D315E4 /* Assets.xcassets in Resources */ = {isa = PBXBuildFile; fileRef = 7AA415431FA256AB00D315E4 /* Assets.xcassets */; };
		7AA4155A1FA25B3A00D315E4 /* CreativityController.swift in Sources */ = {isa = PBXBuildFile; fileRef = 7AA415591FA25B3A00D315E4 /* CreativityController.swift */; };
		7AA4155C1FA25B4800D315E4 /* AbstractionController.swift in Sources */ = {isa = PBXBuildFile; fileRef = 7AA4155B1FA25B4800D315E4 /* AbstractionController.swift */; };
		7AA4155E1FA25B5B00D315E4 /* DataAndInfoController.swift in Sources */ = {isa = PBXBuildFile; fileRef = 7AA4155D1FA25B5B00D315E4 /* DataAndInfoController.swift */; };
		7AA415601FA25B6C00D315E4 /* AlgorithmsController.swift in Sources */ = {isa = PBXBuildFile; fileRef = 7AA4155F1FA25B6C00D315E4 /* AlgorithmsController.swift */; };
		7AA415621FA25B7700D315E4 /* ProgrammingController.swift in Sources */ = {isa = PBXBuildFile; fileRef = 7AA415611FA25B7700D315E4 /* ProgrammingController.swift */; };
		7AA415641FA25B8500D315E4 /* TheInternetMasterController.swift in Sources */ = {isa = PBXBuildFile; fileRef = 7AA415631FA25B8500D315E4 /* TheInternetMasterController.swift */; };
		7AA415661FA25B9A00D315E4 /* GlobalController.swift in Sources */ = {isa = PBXBuildFile; fileRef = 7AA415651FA25B9A00D315E4 /* GlobalController.swift */; };
		7ACB99BD1FD72A1F002B9BB7 /* DrawingView.swift in Sources */ = {isa = PBXBuildFile; fileRef = 7ACB99BC1FD72A1F002B9BB7 /* DrawingView.swift */; };
/* End PBXBuildFile section */

/* Begin PBXFileReference section */
		7A210B9D1FCF39AA009DE9A7 /* InternetDetailController.swift */ = {isa = PBXFileReference; lastKnownFileType = sourcecode.swift; path = InternetDetailController.swift; sourceTree = "<group>"; };
		7A210BA01FCF3B99009DE9A7 /* WebKit.framework */ = {isa = PBXFileReference; lastKnownFileType = wrapper.framework; name = WebKit.framework; path = System/Library/Frameworks/WebKit.framework; sourceTree = SDKROOT; };
		7A24C14D1FE1AB0A00EA38D7 /* LevelCompleteScene.swift */ = {isa = PBXFileReference; fileEncoding = 4; lastKnownFileType = sourcecode.swift; path = LevelCompleteScene.swift; sourceTree = "<group>"; };
		7A24C14E1FE1AB0A00EA38D7 /* GameScene.swift */ = {isa = PBXFileReference; fileEncoding = 4; lastKnownFileType = sourcecode.swift; path = GameScene.swift; sourceTree = "<group>"; };
		7A24C14F1FE1AB0A00EA38D7 /* StartScene.swift */ = {isa = PBXFileReference; fileEncoding = 4; lastKnownFileType = sourcecode.swift; path = StartScene.swift; sourceTree = "<group>"; };
		7A24C1541FE1ADB700EA38D7 /* invader sound.mp3 */ = {isa = PBXFileReference; lastKnownFileType = audio.mp3; path = "invader sound.mp3"; sourceTree = "<group>"; };
		7A24C1551FE1ADB700EA38D7 /* powerup sound.mp3 */ = {isa = PBXFileReference; lastKnownFileType = audio.mp3; path = "powerup sound.mp3"; sourceTree = "<group>"; };
		7A24C1561FE1ADB700EA38D7 /* extra sound.mp3 */ = {isa = PBXFileReference; lastKnownFileType = audio.mp3; path = "extra sound.mp3"; sourceTree = "<group>"; };
		7A24C1571FE1ADB700EA38D7 /* boss sound.mp3 */ = {isa = PBXFileReference; lastKnownFileType = audio.mp3; path = "boss sound.mp3"; sourceTree = "<group>"; };
		7A24C1581FE1ADB700EA38D7 /* laser sound.mp3 */ = {isa = PBXFileReference; lastKnownFileType = audio.mp3; path = "laser sound.mp3"; sourceTree = "<group>"; };
		7A24C15F1FE1AE8F00EA38D7 /* Utilities.swift */ = {isa = PBXFileReference; fileEncoding = 4; lastKnownFileType = sourcecode.swift; path = Utilities.swift; sourceTree = "<group>"; };
		7A24C1611FE1AF7200EA38D7 /* StarField.sks */ = {isa = PBXFileReference; lastKnownFileType = file.sks; path = StarField.sks; sourceTree = "<group>"; };
		7A24C1631FE1AFD500EA38D7 /* Projectile.swift */ = {isa = PBXFileReference; fileEncoding = 4; lastKnownFileType = sourcecode.swift; path = Projectile.swift; sourceTree = "<group>"; };
		7A24C1641FE1AFD500EA38D7 /* InvaderLaser.swift */ = {isa = PBXFileReference; fileEncoding = 4; lastKnownFileType = sourcecode.swift; path = InvaderLaser.swift; sourceTree = "<group>"; };
		7A24C1651FE1AFD500EA38D7 /* PlayerLaser.swift */ = {isa = PBXFileReference; fileEncoding = 4; lastKnownFileType = sourcecode.swift; path = PlayerLaser.swift; sourceTree = "<group>"; };
		7A24C1661FE1AFD500EA38D7 /* Player.swift */ = {isa = PBXFileReference; fileEncoding = 4; lastKnownFileType = sourcecode.swift; path = Player.swift; sourceTree = "<group>"; };
		7A24C1671FE1AFD500EA38D7 /* Invader.swift */ = {isa = PBXFileReference; fileEncoding = 4; lastKnownFileType = sourcecode.swift; path = Invader.swift; sourceTree = "<group>"; };
		7A57F3A21FC35F1B0018FA85 /* Memeable.swift */ = {isa = PBXFileReference; lastKnownFileType = sourcecode.swift; path = Memeable.swift; sourceTree = "<group>"; };
		7A57F3A41FC35F2F0018FA85 /* TrumpMemes.swift */ = {isa = PBXFileReference; lastKnownFileType = sourcecode.swift; path = TrumpMemes.swift; sourceTree = "<group>"; };
		7A88DC041FD9D36000FFA658 /* ArtCell.swift */ = {isa = PBXFileReference; lastKnownFileType = sourcecode.swift; path = ArtCell.swift; sourceTree = "<group>"; };
		7AA415391FA256AB00D315E4 /* William_CSP.app */ = {isa = PBXFileReference; explicitFileType = wrapper.application; includeInIndex = 0; path = William_CSP.app; sourceTree = BUILT_PRODUCTS_DIR; };
		7AA4153C1FA256AB00D315E4 /* AppDelegate.swift */ = {isa = PBXFileReference; lastKnownFileType = sourcecode.swift; path = AppDelegate.swift; sourceTree = "<group>"; };
		7AA4153E1FA256AB00D315E4 /* ViewController.swift */ = {isa = PBXFileReference; lastKnownFileType = sourcecode.swift; path = ViewController.swift; sourceTree = "<group>"; };
		7AA415411FA256AB00D315E4 /* Base */ = {isa = PBXFileReference; lastKnownFileType = file.storyboard; name = Base; path = Base.lproj/Main.storyboard; sourceTree = "<group>"; };
		7AA415431FA256AB00D315E4 /* Assets.xcassets */ = {isa = PBXFileReference; lastKnownFileType = folder.assetcatalog; path = Assets.xcassets; sourceTree = "<group>"; };
		7AA415481FA256AB00D315E4 /* Info.plist */ = {isa = PBXFileReference; lastKnownFileType = text.plist.xml; path = Info.plist; sourceTree = "<group>"; };
		7AA415591FA25B3A00D315E4 /* CreativityController.swift */ = {isa = PBXFileReference; lastKnownFileType = sourcecode.swift; path = CreativityController.swift; sourceTree = "<group>"; };
		7AA4155B1FA25B4800D315E4 /* AbstractionController.swift */ = {isa = PBXFileReference; lastKnownFileType = sourcecode.swift; path = AbstractionController.swift; sourceTree = "<group>"; };
		7AA4155D1FA25B5B00D315E4 /* DataAndInfoController.swift */ = {isa = PBXFileReference; lastKnownFileType = sourcecode.swift; path = DataAndInfoController.swift; sourceTree = "<group>"; };
		7AA4155F1FA25B6C00D315E4 /* AlgorithmsController.swift */ = {isa = PBXFileReference; lastKnownFileType = sourcecode.swift; path = AlgorithmsController.swift; sourceTree = "<group>"; };
		7AA415611FA25B7700D315E4 /* ProgrammingController.swift */ = {isa = PBXFileReference; lastKnownFileType = sourcecode.swift; path = ProgrammingController.swift; sourceTree = "<group>"; };
		7AA415631FA25B8500D315E4 /* TheInternetMasterController.swift */ = {isa = PBXFileReference; lastKnownFileType = sourcecode.swift; path = TheInternetMasterController.swift; sourceTree = "<group>"; };
		7AA415651FA25B9A00D315E4 /* GlobalController.swift */ = {isa = PBXFileReference; lastKnownFileType = sourcecode.swift; path = GlobalController.swift; sourceTree = "<group>"; };
		7ACB99BC1FD72A1F002B9BB7 /* DrawingView.swift */ = {isa = PBXFileReference; lastKnownFileType = sourcecode.swift; path = DrawingView.swift; sourceTree = "<group>"; };
/* End PBXFileReference section */

/* Begin PBXFrameworksBuildPhase section */
		7AA415361FA256AB00D315E4 /* Frameworks */ = {
			isa = PBXFrameworksBuildPhase;
			buildActionMask = 2147483647;
			files = (
				7A210BA11FCF3B99009DE9A7 /* WebKit.framework in Frameworks */,
			);
			runOnlyForDeploymentPostprocessing = 0;
		};
/* End PBXFrameworksBuildPhase section */

/* Begin PBXGroup section */
		7A210B9F1FCF3B99009DE9A7 /* Frameworks */ = {
			isa = PBXGroup;
			children = (
				7A210BA01FCF3B99009DE9A7 /* WebKit.framework */,
			);
			name = Frameworks;
			sourceTree = "<group>";
		};
		7A24C1531FE1AC9100EA38D7 /* GameController */ = {
			isa = PBXGroup;
			children = (
				7A24C14E1FE1AB0A00EA38D7 /* GameScene.swift */,
				7A24C14D1FE1AB0A00EA38D7 /* LevelCompleteScene.swift */,
				7A24C14F1FE1AB0A00EA38D7 /* StartScene.swift */,
			);
			path = GameController;
			sourceTree = "<group>";
		};
		7A24C15E1FE1ADF700EA38D7 /* Sounds */ = {
			isa = PBXGroup;
			children = (
				7A24C1571FE1ADB700EA38D7 /* boss sound.mp3 */,
				7A24C1561FE1ADB700EA38D7 /* extra sound.mp3 */,
				7A24C1541FE1ADB700EA38D7 /* invader sound.mp3 */,
				7A24C1581FE1ADB700EA38D7 /* laser sound.mp3 */,
				7A24C1551FE1ADB700EA38D7 /* powerup sound.mp3 */,
			);
			path = Sounds;
			sourceTree = "<group>";
		};
		7AA415301FA256AB00D315E4 = {
			isa = PBXGroup;
			children = (
				7AA4153B1FA256AB00D315E4 /* William_CSP */,
				7AA4153A1FA256AB00D315E4 /* Products */,
				7A210B9F1FCF3B99009DE9A7 /* Frameworks */,
			);
			sourceTree = "<group>";
		};
		7AA4153A1FA256AB00D315E4 /* Products */ = {
			isa = PBXGroup;
			children = (
				7AA415391FA256AB00D315E4 /* William_CSP.app */,
			);
			name = Products;
			sourceTree = "<group>";
		};
		7AA4153B1FA256AB00D315E4 /* William_CSP */ = {
			isa = PBXGroup;
			children = (
				7AA4154E1FA256F800D315E4 /* Controller */,
				7AA4154F1FA2570900D315E4 /* View */,
				7AA415511FA2573000D315E4 /* Resources */,
				7AA415501FA2571200D315E4 /* Model */,
			);
			path = William_CSP;
			sourceTree = "<group>";
		};
		7AA4154E1FA256F800D315E4 /* Controller */ = {
			isa = PBXGroup;
			children = (
				7A24C1531FE1AC9100EA38D7 /* GameController */,
				7AA4153C1FA256AB00D315E4 /* AppDelegate.swift */,
				7AA4153E1FA256AB00D315E4 /* ViewController.swift */,
				7AA415591FA25B3A00D315E4 /* CreativityController.swift */,
				7A88DC041FD9D36000FFA658 /* ArtCell.swift */,
				7AA4155B1FA25B4800D315E4 /* AbstractionController.swift */,
				7AA4155D1FA25B5B00D315E4 /* DataAndInfoController.swift */,
				7AA4155F1FA25B6C00D315E4 /* AlgorithmsController.swift */,
				7AA415611FA25B7700D315E4 /* ProgrammingController.swift */,
				7AA415631FA25B8500D315E4 /* TheInternetMasterController.swift */,
				7A210B9D1FCF39AA009DE9A7 /* InternetDetailController.swift */,
				7AA415651FA25B9A00D315E4 /* GlobalController.swift */,
			);
			path = Controller;
			sourceTree = "<group>";
		};
		7AA4154F1FA2570900D315E4 /* View */ = {
			isa = PBXGroup;
			children = (
				7A24C1611FE1AF7200EA38D7 /* StarField.sks */,
				7AA415401FA256AB00D315E4 /* Main.storyboard */,
				7ACB99BC1FD72A1F002B9BB7 /* DrawingView.swift */,
			);
			path = View;
			sourceTree = "<group>";
		};
		7AA415501FA2571200D315E4 /* Model */ = {
			isa = PBXGroup;
			children = (
				7A24C1671FE1AFD500EA38D7 /* Invader.swift */,
				7A24C1641FE1AFD500EA38D7 /* InvaderLaser.swift */,
				7A24C1661FE1AFD500EA38D7 /* Player.swift */,
				7A24C1651FE1AFD500EA38D7 /* PlayerLaser.swift */,
				7A24C1631FE1AFD500EA38D7 /* Projectile.swift */,
				7A57F3A21FC35F1B0018FA85 /* Memeable.swift */,
				7A57F3A41FC35F2F0018FA85 /* TrumpMemes.swift */,
			);
			path = Model;
			sourceTree = "<group>";
		};
		7AA415511FA2573000D315E4 /* Resources */ = {
			isa = PBXGroup;
			children = (
				7A24C15F1FE1AE8F00EA38D7 /* Utilities.swift */,
				7A24C15E1FE1ADF700EA38D7 /* Sounds */,
				7AA415431FA256AB00D315E4 /* Assets.xcassets */,
				7AA415481FA256AB00D315E4 /* Info.plist */,
			);
			path = Resources;
			sourceTree = "<group>";
		};
/* End PBXGroup section */

/* Begin PBXNativeTarget section */
		7AA415381FA256AB00D315E4 /* William_CSP */ = {
			isa = PBXNativeTarget;
			buildConfigurationList = 7AA4154B1FA256AB00D315E4 /* Build configuration list for PBXNativeTarget "William_CSP" */;
			buildPhases = (
				7AA415351FA256AB00D315E4 /* Sources */,
				7AA415361FA256AB00D315E4 /* Frameworks */,
				7AA415371FA256AB00D315E4 /* Resources */,
			);
			buildRules = (
			);
			dependencies = (
			);
			name = William_CSP;
			productName = William_CSP;
			productReference = 7AA415391FA256AB00D315E4 /* William_CSP.app */;
			productType = "com.apple.product-type.application";
		};
/* End PBXNativeTarget section */

/* Begin PBXProject section */
		7AA415311FA256AB00D315E4 /* Project object */ = {
			isa = PBXProject;
			attributes = {
				LastSwiftUpdateCheck = 0900;
				LastUpgradeCheck = 0900;
				ORGANIZATIONNAME = CTEC;
				TargetAttributes = {
					7AA415381FA256AB00D315E4 = {
						CreatedOnToolsVersion = 9.0;
						ProvisioningStyle = Automatic;
					};
				};
			};
			buildConfigurationList = 7AA415341FA256AB00D315E4 /* Build configuration list for PBXProject "William_CSP" */;
			compatibilityVersion = "Xcode 8.0";
			developmentRegion = en;
			hasScannedForEncodings = 0;
			knownRegions = (
				en,
				Base,
			);
			mainGroup = 7AA415301FA256AB00D315E4;
			productRefGroup = 7AA4153A1FA256AB00D315E4 /* Products */;
			projectDirPath = "";
			projectRoot = "";
			targets = (
				7AA415381FA256AB00D315E4 /* William_CSP */,
			);
		};
/* End PBXProject section */

/* Begin PBXResourcesBuildPhase section */
		7AA415371FA256AB00D315E4 /* Resources */ = {
			isa = PBXResourcesBuildPhase;
			buildActionMask = 2147483647;
			files = (
				7A24C15B1FE1ADB700EA38D7 /* extra sound.mp3 in Resources */,
				7AA415441FA256AB00D315E4 /* Assets.xcassets in Resources */,
				7A24C1621FE1AF7200EA38D7 /* StarField.sks in Resources */,
				7AA415421FA256AB00D315E4 /* Main.storyboard in Resources */,
				7A24C15A1FE1ADB700EA38D7 /* powerup sound.mp3 in Resources */,
				7A24C15C1FE1ADB700EA38D7 /* boss sound.mp3 in Resources */,
				7A24C15D1FE1ADB700EA38D7 /* laser sound.mp3 in Resources */,
				7A24C1591FE1ADB700EA38D7 /* invader sound.mp3 in Resources */,
			);
			runOnlyForDeploymentPostprocessing = 0;
		};
/* End PBXResourcesBuildPhase section */

/* Begin PBXSourcesBuildPhase section */
		7AA415351FA256AB00D315E4 /* Sources */ = {
			isa = PBXSourcesBuildPhase;
			buildActionMask = 2147483647;
			files = (
				7A24C16B1FE1AFD500EA38D7 /* Player.swift in Sources */,
				7AA4155E1FA25B5B00D315E4 /* DataAndInfoController.swift in Sources */,
				7A24C1521FE1AB0A00EA38D7 /* StartScene.swift in Sources */,
				7A24C1501FE1AB0A00EA38D7 /* LevelCompleteScene.swift in Sources */,
				7A24C1511FE1AB0A00EA38D7 /* GameScene.swift in Sources */,
				7A88DC051FD9D36000FFA658 /* ArtCell.swift in Sources */,
				7A210B9E1FCF39AA009DE9A7 /* InternetDetailController.swift in Sources */,
				7A24C16C1FE1AFD500EA38D7 /* Invader.swift in Sources */,
				7A24C1601FE1AE8F00EA38D7 /* Utilities.swift in Sources */,
				7A24C16A1FE1AFD500EA38D7 /* PlayerLaser.swift in Sources */,
				7AA415661FA25B9A00D315E4 /* GlobalController.swift in Sources */,
				7AA415621FA25B7700D315E4 /* ProgrammingController.swift in Sources */,
				7A24C1681FE1AFD500EA38D7 /* Projectile.swift in Sources */,
				7A57F3A51FC35F2F0018FA85 /* TrumpMemes.swift in Sources */,
				7ACB99BD1FD72A1F002B9BB7 /* DrawingView.swift in Sources */,
				7AA415601FA25B6C00D315E4 /* AlgorithmsController.swift in Sources */,
				7A24C1691FE1AFD500EA38D7 /* InvaderLaser.swift in Sources */,
				7AA4155C1FA25B4800D315E4 /* AbstractionController.swift in Sources */,
				7A57F3A31FC35F1B0018FA85 /* Memeable.swift in Sources */,
				7AA415641FA25B8500D315E4 /* TheInternetMasterController.swift in Sources */,
				7AA4155A1FA25B3A00D315E4 /* CreativityController.swift in Sources */,
				7AA4153F1FA256AB00D315E4 /* ViewController.swift in Sources */,
				7AA4153D1FA256AB00D315E4 /* AppDelegate.swift in Sources */,
			);
			runOnlyForDeploymentPostprocessing = 0;
		};
/* End PBXSourcesBuildPhase section */

/* Begin PBXVariantGroup section */
		7AA415401FA256AB00D315E4 /* Main.storyboard */ = {
			isa = PBXVariantGroup;
			children = (
				7AA415411FA256AB00D315E4 /* Base */,
			);
			name = Main.storyboard;
			sourceTree = "<group>";
		};
/* End PBXVariantGroup section */

/* Begin XCBuildConfiguration section */
		7AA415491FA256AB00D315E4 /* Debug */ = {
			isa = XCBuildConfiguration;
			buildSettings = {
				ALWAYS_SEARCH_USER_PATHS = NO;
				CLANG_ANALYZER_NONNULL = YES;
				CLANG_ANALYZER_NUMBER_OBJECT_CONVERSION = YES_AGGRESSIVE;
				CLANG_CXX_LANGUAGE_STANDARD = "gnu++14";
				CLANG_CXX_LIBRARY = "libc++";
				CLANG_ENABLE_MODULES = YES;
				CLANG_ENABLE_OBJC_ARC = YES;
				CLANG_WARN_BLOCK_CAPTURE_AUTORELEASING = YES;
				CLANG_WARN_BOOL_CONVERSION = YES;
				CLANG_WARN_COMMA = YES;
				CLANG_WARN_CONSTANT_CONVERSION = YES;
				CLANG_WARN_DIRECT_OBJC_ISA_USAGE = YES_ERROR;
				CLANG_WARN_DOCUMENTATION_COMMENTS = YES;
				CLANG_WARN_EMPTY_BODY = YES;
				CLANG_WARN_ENUM_CONVERSION = YES;
				CLANG_WARN_INFINITE_RECURSION = YES;
				CLANG_WARN_INT_CONVERSION = YES;
				CLANG_WARN_NON_LITERAL_NULL_CONVERSION = YES;
				CLANG_WARN_OBJC_LITERAL_CONVERSION = YES;
				CLANG_WARN_OBJC_ROOT_CLASS = YES_ERROR;
				CLANG_WARN_RANGE_LOOP_ANALYSIS = YES;
				CLANG_WARN_STRICT_PROTOTYPES = YES;
				CLANG_WARN_SUSPICIOUS_MOVE = YES;
				CLANG_WARN_UNGUARDED_AVAILABILITY = YES_AGGRESSIVE;
				CLANG_WARN_UNREACHABLE_CODE = YES;
				CLANG_WARN__DUPLICATE_METHOD_MATCH = YES;
				CODE_SIGN_IDENTITY = "iPhone Developer";
				COPY_PHASE_STRIP = NO;
				DEBUG_INFORMATION_FORMAT = dwarf;
				ENABLE_STRICT_OBJC_MSGSEND = YES;
				ENABLE_TESTABILITY = YES;
				GCC_C_LANGUAGE_STANDARD = gnu11;
				GCC_DYNAMIC_NO_PIC = NO;
				GCC_NO_COMMON_BLOCKS = YES;
				GCC_OPTIMIZATION_LEVEL = 0;
				GCC_PREPROCESSOR_DEFINITIONS = (
					"DEBUG=1",
					"$(inherited)",
				);
				GCC_WARN_64_TO_32_BIT_CONVERSION = YES;
				GCC_WARN_ABOUT_RETURN_TYPE = YES_ERROR;
				GCC_WARN_UNDECLARED_SELECTOR = YES;
				GCC_WARN_UNINITIALIZED_AUTOS = YES_AGGRESSIVE;
				GCC_WARN_UNUSED_FUNCTION = YES;
				GCC_WARN_UNUSED_VARIABLE = YES;
				IPHONEOS_DEPLOYMENT_TARGET = 11.0;
				MTL_ENABLE_DEBUG_INFO = YES;
				ONLY_ACTIVE_ARCH = YES;
				SDKROOT = iphoneos;
				SWIFT_ACTIVE_COMPILATION_CONDITIONS = DEBUG;
				SWIFT_OPTIMIZATION_LEVEL = "-Onone";
			};
			name = Debug;
		};
		7AA4154A1FA256AB00D315E4 /* Release */ = {
			isa = XCBuildConfiguration;
			buildSettings = {
				ALWAYS_SEARCH_USER_PATHS = NO;
				CLANG_ANALYZER_NONNULL = YES;
				CLANG_ANALYZER_NUMBER_OBJECT_CONVERSION = YES_AGGRESSIVE;
				CLANG_CXX_LANGUAGE_STANDARD = "gnu++14";
				CLANG_CXX_LIBRARY = "libc++";
				CLANG_ENABLE_MODULES = YES;
				CLANG_ENABLE_OBJC_ARC = YES;
				CLANG_WARN_BLOCK_CAPTURE_AUTORELEASING = YES;
				CLANG_WARN_BOOL_CONVERSION = YES;
				CLANG_WARN_COMMA = YES;
				CLANG_WARN_CONSTANT_CONVERSION = YES;
				CLANG_WARN_DIRECT_OBJC_ISA_USAGE = YES_ERROR;
				CLANG_WARN_DOCUMENTATION_COMMENTS = YES;
				CLANG_WARN_EMPTY_BODY = YES;
				CLANG_WARN_ENUM_CONVERSION = YES;
				CLANG_WARN_INFINITE_RECURSION = YES;
				CLANG_WARN_INT_CONVERSION = YES;
				CLANG_WARN_NON_LITERAL_NULL_CONVERSION = YES;
				CLANG_WARN_OBJC_LITERAL_CONVERSION = YES;
				CLANG_WARN_OBJC_ROOT_CLASS = YES_ERROR;
				CLANG_WARN_RANGE_LOOP_ANALYSIS = YES;
				CLANG_WARN_STRICT_PROTOTYPES = YES;
				CLANG_WARN_SUSPICIOUS_MOVE = YES;
				CLANG_WARN_UNGUARDED_AVAILABILITY = YES_AGGRESSIVE;
				CLANG_WARN_UNREACHABLE_CODE = YES;
				CLANG_WARN__DUPLICATE_METHOD_MATCH = YES;
				CODE_SIGN_IDENTITY = "iPhone Developer";
				COPY_PHASE_STRIP = NO;
				DEBUG_INFORMATION_FORMAT = "dwarf-with-dsym";
				ENABLE_NS_ASSERTIONS = NO;
				ENABLE_STRICT_OBJC_MSGSEND = YES;
				GCC_C_LANGUAGE_STANDARD = gnu11;
				GCC_NO_COMMON_BLOCKS = YES;
				GCC_WARN_64_TO_32_BIT_CONVERSION = YES;
				GCC_WARN_ABOUT_RETURN_TYPE = YES_ERROR;
				GCC_WARN_UNDECLARED_SELECTOR = YES;
				GCC_WARN_UNINITIALIZED_AUTOS = YES_AGGRESSIVE;
				GCC_WARN_UNUSED_FUNCTION = YES;
				GCC_WARN_UNUSED_VARIABLE = YES;
				IPHONEOS_DEPLOYMENT_TARGET = 11.0;
				MTL_ENABLE_DEBUG_INFO = NO;
				SDKROOT = iphoneos;
				SWIFT_OPTIMIZATION_LEVEL = "-Owholemodule";
				VALIDATE_PRODUCT = YES;
			};
			name = Release;
		};
		7AA4154C1FA256AB00D315E4 /* Debug */ = {
			isa = XCBuildConfiguration;
			buildSettings = {
				ASSETCATALOG_COMPILER_APPICON_NAME = AppIcon;
				CODE_SIGN_STYLE = Automatic;
				DEVELOPMENT_TEAM = X77K8LBKTS;
				INFOPLIST_FILE = "$(SRCROOT)/William_CSP/Resources/Info.plist";
				LD_RUNPATH_SEARCH_PATHS = "$(inherited) @executable_path/Frameworks";
				PRODUCT_BUNDLE_IDENTIFIER = "CTEC.William-CSP";
				PRODUCT_NAME = "$(TARGET_NAME)";
				SWIFT_VERSION = 4.0;
				TARGETED_DEVICE_FAMILY = "1,2";
			};
			name = Debug;
		};
		7AA4154D1FA256AB00D315E4 /* Release */ = {
			isa = XCBuildConfiguration;
			buildSettings = {
				ASSETCATALOG_COMPILER_APPICON_NAME = AppIcon;
				CODE_SIGN_STYLE = Automatic;
				DEVELOPMENT_TEAM = X77K8LBKTS;
				INFOPLIST_FILE = "$(SRCROOT)/William_CSP/Resources/Info.plist";
				LD_RUNPATH_SEARCH_PATHS = "$(inherited) @executable_path/Frameworks";
				PRODUCT_BUNDLE_IDENTIFIER = "CTEC.William-CSP";
				PRODUCT_NAME = "$(TARGET_NAME)";
				SWIFT_VERSION = 4.0;
				TARGETED_DEVICE_FAMILY = "1,2";
			};
			name = Release;
		};
/* End XCBuildConfiguration section */

/* Begin XCConfigurationList section */
		7AA415341FA256AB00D315E4 /* Build configuration list for PBXProject "William_CSP" */ = {
			isa = XCConfigurationList;
			buildConfigurations = (
				7AA415491FA256AB00D315E4 /* Debug */,
				7AA4154A1FA256AB00D315E4 /* Release */,
			);
			defaultConfigurationIsVisible = 0;
			defaultConfigurationName = Release;
		};
		7AA4154B1FA256AB00D315E4 /* Build configuration list for PBXNativeTarget "William_CSP" */ = {
			isa = XCConfigurationList;
			buildConfigurations = (
				7AA4154C1FA256AB00D315E4 /* Debug */,
				7AA4154D1FA256AB00D315E4 /* Release */,
			);
			defaultConfigurationIsVisible = 0;
			defaultConfigurationName = Release;
		};
/* End XCConfigurationList section */
	};
	rootObject = 7AA415311FA256AB00D315E4 /* Project object */;
}
